
Microsoft Visual Studio Solution File, Format Version 12.00
# Visual Studio 14
VisualStudioVersion = 14.0.25123.0
MinimumVisualStudioVersion = 10.0.40219.1
Project("{FAE04EC0-301F-11D3-BF4B-00C04F79EFBC}") = "SimpleCalculator", "SimpleCalculator.csproj", "{DF1B82A7-604D-4B0B-A5BD-9E44D358ED2A}"
EndProject
Project("{FAE04EC0-301F-11D3-BF4B-00C04F79EFBC}") = "SimpleCalculatorTests", "..\SimpleCalculatorTests\SimpleCalculatorTests.csproj", "{4ECF029F-76DF-4C8B-BAA7-A431C4DB9264}"
EndProject
Global
	GlobalSection(SolutionConfigurationPlatforms) = preSolution
		Debug|Any CPU = Debug|Any CPU
		Release|Any CPU = Release|Any CPU
	EndGlobalSection
	GlobalSection(ProjectConfigurationPlatforms) = postSolution
		{DF1B82A7-604D-4B0B-A5BD-9E44D358ED2A}.Debug|Any CPU.ActiveCfg = Debug|Any CPU
		{DF1B82A7-604D-4B0B-A5BD-9E44D358ED2A}.Debug|Any CPU.Build.0 = Debug|Any CPU
		{DF1B82A7-604D-4B0B-A5BD-9E44D358ED2A}.Release|Any CPU.ActiveCfg = Release|Any CPU
		{DF1B82A7-604D-4B0B-A5BD-9E44D358ED2A}.Release|Any CPU.Build.0 = Release|Any CPU
		{4ECF029F-76DF-4C8B-BAA7-A431C4DB9264}.Debug|Any CPU.ActiveCfg = Debug|Any CPU
		{4ECF029F-76DF-4C8B-BAA7-A431C4DB9264}.Debug|Any CPU.Build.0 = Debug|Any CPU
		{4ECF029F-76DF-4C8B-BAA7-A431C4DB9264}.Release|Any CPU.ActiveCfg = Release|Any CPU
		{4ECF029F-76DF-4C8B-BAA7-A431C4DB9264}.Release|Any CPU.Build.0 = Release|Any CPU
	EndGlobalSection
	GlobalSection(SolutionProperties) = preSolution
		HideSolutionNode = FALSE
	EndGlobalSection
EndGlobal
